{
  "version": 4,
  "terraform_version": "0.12.24",
  "serial": 18,
  "lineage": "f7ecdbd8-0088-6333-06d0-80dabfcb7e47",
  "outputs": {},
  "resources": [
    {
      "mode": "managed",
      "type": "aws_route53_record",
      "name": "www-resume",
      "provider": "provider.aws",
      "instances": [
        {
          "schema_version": 2,
          "attributes": {
            "alias": [
              {
                "evaluate_target_health": false,
                "name": "resume.yourenicked.net.s3-website-ap-southeast-2.amazonaws.com",
                "zone_id": "Z1WCIGYICN2BYD"
              }
            ],
            "allow_overwrite": null,
            "failover_routing_policy": [],
            "fqdn": "resume.yourenicked.net",
            "geolocation_routing_policy": [],
            "health_check_id": null,
            "id": "Z3JE0YNN12YBF9_resume.yourenicked.net_CNAME",
            "latency_routing_policy": [],
            "multivalue_answer_routing_policy": null,
            "name": "resume.yourenicked.net",
            "records": null,
            "set_identifier": null,
            "ttl": null,
            "type": "CNAME",
            "weighted_routing_policy": [],
            "zone_id": "Z3JE0YNN12YBF9"
          },
          "private": "eyJzY2hlbWFfdmVyc2lvbiI6IjIifQ=="
        }
      ]
    },
    {
      "mode": "managed",
      "type": "aws_s3_bucket",
      "name": "resume-bucket",
      "provider": "provider.aws",
      "instances": [
        {
          "schema_version": 0,
          "attributes": {
            "acceleration_status": "",
            "acl": "public-read",
            "arn": "arn:aws:s3:::resume.yourenicked.net",
            "bucket": "resume.yourenicked.net",
            "bucket_domain_name": "resume.yourenicked.net.s3.amazonaws.com",
            "bucket_prefix": null,
            "bucket_regional_domain_name": "resume.yourenicked.net.s3.ap-southeast-2.amazonaws.com",
            "cors_rule": [],
            "force_destroy": false,
            "grant": [],
            "hosted_zone_id": "Z1WCIGYICN2BYD",
            "id": "resume.yourenicked.net",
            "lifecycle_rule": [],
            "logging": [],
            "object_lock_configuration": [],
            "policy": null,
            "region": "ap-southeast-2",
            "replication_configuration": [],
            "request_payer": "BucketOwner",
            "server_side_encryption_configuration": [],
            "tags": {},
            "versioning": [
              {
                "enabled": false,
                "mfa_delete": false
              }
            ],
            "website": [
              {
                "error_document": "",
                "index_document": "resume",
                "redirect_all_requests_to": "",
                "routing_rules": ""
              }
            ],
            "website_domain": "s3-website-ap-southeast-2.amazonaws.com",
            "website_endpoint": "resume.yourenicked.net.s3-website-ap-southeast-2.amazonaws.com"
          },
          "private": "bnVsbA=="
        }
      ]
    },
    {
      "mode": "managed",
      "type": "aws_s3_bucket_object",
      "name": "resume-index",
      "provider": "provider.aws",
      "instances": [
        {
          "schema_version": 0,
          "attributes": {
            "acl": "public-read",
            "bucket": "resume.yourenicked.net",
            "cache_control": "",
            "content": null,
            "content_base64": null,
            "content_disposition": "",
            "content_encoding": "",
            "content_language": "",
            "content_type": "text/html",
            "etag": "29fe864485a20b67ca3ea6c1497273aa",
            "force_destroy": false,
            "id": "resume",
            "key": "resume",
            "kms_key_id": null,
            "metadata": null,
            "object_lock_legal_hold_status": "",
            "object_lock_mode": "",
            "object_lock_retain_until_date": "",
            "server_side_encryption": "",
            "source": "../resume.html",
            "storage_class": "STANDARD",
            "tags": null,
            "version_id": "",
            "website_redirect": ""
          },
          "private": "bnVsbA=="
        }
      ]
    }
  ]
}
